// !$*UTF8*$!
{
	archiveVersion = 1;
	classes = {
	};
	objectVersion = 51;
	objects = {

/* Begin PBXBuildFile section */
		0729D8A42375682400800EC2 /* FirebaseAPI.swift in Sources */ = {isa = PBXBuildFile; fileRef = 0729D8A32375682400800EC2 /* FirebaseAPI.swift */; };
		076B9419236B1A3D003AE1ED /* SeatSelectViewController.swift in Sources */ = {isa = PBXBuildFile; fileRef = 076B9418236B1A3D003AE1ED /* SeatSelectViewController.swift */; };
		076B941B236CC9AD003AE1ED /* seatMap.gif in Resources */ = {isa = PBXBuildFile; fileRef = 076B941A236CC9AD003AE1ED /* seatMap.gif */; };
		079DE3D5237DCD1F000E8C60 /* UserModel.swift in Sources */ = {isa = PBXBuildFile; fileRef = 079DE3D4237DCD1F000E8C60 /* UserModel.swift */; };
		07CDA4DD23806421004B2798 /* EventModel.swift in Sources */ = {isa = PBXBuildFile; fileRef = 07CDA4DC23806421004B2798 /* EventModel.swift */; };
		07DD38B3237DE08C005A6F72 /* CreditCardModel.swift in Sources */ = {isa = PBXBuildFile; fileRef = 07DD38B2237DE08C005A6F72 /* CreditCardModel.swift */; };
		6A899A933EFD69D36D9345C0 /* Pods_TicketingTests.framework in Frameworks */ = {isa = PBXBuildFile; fileRef = 7DC319F510749117CF62A87A /* Pods_TicketingTests.framework */; };
		731B2ED42368790800C7A400 /* HomeViewController.swift in Sources */ = {isa = PBXBuildFile; fileRef = 731B2ED32368790800C7A400 /* HomeViewController.swift */; };
		731B2ED92368825E00C7A400 /* HomeCollectionViewCell.swift in Sources */ = {isa = PBXBuildFile; fileRef = 731B2ED72368825E00C7A400 /* HomeCollectionViewCell.swift */; };
		731B2EDA2368825E00C7A400 /* HomeCollectionViewCell.xib in Resources */ = {isa = PBXBuildFile; fileRef = 731B2ED82368825E00C7A400 /* HomeCollectionViewCell.xib */; };
		737AB59E2383154C004E438B /* (null) in Resources */ = {isa = PBXBuildFile; };
		737AB5A323831BFB004E438B /* Search.storyboard in Resources */ = {isa = PBXBuildFile; fileRef = 737AB5A223831BFB004E438B /* Search.storyboard */; };
		737AB5A523831C06004E438B /* Profile.storyboard in Resources */ = {isa = PBXBuildFile; fileRef = 737AB5A423831C06004E438B /* Profile.storyboard */; };
		737AB5A72383314A004E438B /* Main.storyboard in Resources */ = {isa = PBXBuildFile; fileRef = 737AB5A62383314A004E438B /* Main.storyboard */; };
		73E2CFA3234F6CAF0015B3EC /* FavoritesViewController.swift in Sources */ = {isa = PBXBuildFile; fileRef = 73E2CFA2234F6CAF0015B3EC /* FavoritesViewController.swift */; };
		73E2CFA5234F6E840015B3EC /* FavoritesTableViewCell.swift in Sources */ = {isa = PBXBuildFile; fileRef = 73E2CFA4234F6E840015B3EC /* FavoritesTableViewCell.swift */; };
		794876E82385FC5F00496ED0 /* FavoritesTableViewCell.xib in Resources */ = {isa = PBXBuildFile; fileRef = 794876E72385FC5E00496ED0 /* FavoritesTableViewCell.xib */; };
		794876EA2386001900496ED0 /* Home.storyboard in Resources */ = {isa = PBXBuildFile; fileRef = 794876E92386001900496ED0 /* Home.storyboard */; };
		794876EC2386087C00496ED0 /* Favorites.storyboard in Resources */ = {isa = PBXBuildFile; fileRef = 794876EB2386087C00496ED0 /* Favorites.storyboard */; };
		794876EE23860A4700496ED0 /* Tickets.storyboard in Resources */ = {isa = PBXBuildFile; fileRef = 794876ED23860A4700496ED0 /* Tickets.storyboard */; };
		794876F12386F62A00496ED0 /* UIFont+PreferredFont&Weight.swift in Sources */ = {isa = PBXBuildFile; fileRef = 794876F02386F62A00496ED0 /* UIFont+PreferredFont&Weight.swift */; };
		7950331C237A5E58005C4F8C /* AppSecrets.swift in Sources */ = {isa = PBXBuildFile; fileRef = 7950331B237A5E58005C4F8C /* AppSecrets.swift */; };
		7950331E237A5F65005C4F8C /* APIConfiguration.swift in Sources */ = {isa = PBXBuildFile; fileRef = 7950331D237A5F65005C4F8C /* APIConfiguration.swift */; };
		79503324237A6A24005C4F8C /* TicketmasterClient.swift in Sources */ = {isa = PBXBuildFile; fileRef = 79503323237A6A24005C4F8C /* TicketmasterClient.swift */; };
		79503326237A6EE3005C4F8C /* TicketmasterAPI.swift in Sources */ = {isa = PBXBuildFile; fileRef = 79503325237A6EE3005C4F8C /* TicketmasterAPI.swift */; };
		79503329237A6F06005C4F8C /* Event.swift in Sources */ = {isa = PBXBuildFile; fileRef = 79503328237A6F06005C4F8C /* Event.swift */; };
		79B9E72623744F57006EB931 /* APIRouter.swift in Sources */ = {isa = PBXBuildFile; fileRef = 79B9E72523744F57006EB931 /* APIRouter.swift */; };
		79B9E72A2374B61F006EB931 /* URLConstants.swift in Sources */ = {isa = PBXBuildFile; fileRef = 79B9E7292374B61F006EB931 /* URLConstants.swift */; };
		79BA6F34233A8B40003309AC /* AppDelegate.swift in Sources */ = {isa = PBXBuildFile; fileRef = 79BA6F33233A8B40003309AC /* AppDelegate.swift */; };
		79BA6F39233A8B40003309AC /* Profile.storyboard in Resources */ = {isa = PBXBuildFile; fileRef = 79BA6F37233A8B40003309AC /* Profile.storyboard */; };
		79BA6F3B233A8B48003309AC /* Assets.xcassets in Resources */ = {isa = PBXBuildFile; fileRef = 79BA6F3A233A8B48003309AC /* Assets.xcassets */; };
		79BA6F49233A8B49003309AC /* TicketingTests.swift in Sources */ = {isa = PBXBuildFile; fileRef = 79BA6F48233A8B49003309AC /* TicketingTests.swift */; };
		79BA6F54233A8B49003309AC /* TicketingUITests.swift in Sources */ = {isa = PBXBuildFile; fileRef = 79BA6F53233A8B49003309AC /* TicketingUITests.swift */; };
		7D41AA60237F9230004FD42D /* ResetPasswordViewController.swift in Sources */ = {isa = PBXBuildFile; fileRef = 7D41AA5F237F9230004FD42D /* ResetPasswordViewController.swift */; };
		7D41AA62237F94A1004FD42D /* StyleFields.swift in Sources */ = {isa = PBXBuildFile; fileRef = 7D41AA61237F94A1004FD42D /* StyleFields.swift */; };
		7D41AA642380B9BA004FD42D /* absl.framework in Frameworks */ = {isa = PBXBuildFile; fileRef = 7D41AA632380B9BA004FD42D /* absl.framework */; };
		7D41AA662380B9BA004FD42D /* AppAuth.framework in Frameworks */ = {isa = PBXBuildFile; fileRef = 7D41AA652380B9BA004FD42D /* AppAuth.framework */; };
		7D41AA682380B9BA004FD42D /* FirebaseAuth.framework in Frameworks */ = {isa = PBXBuildFile; fileRef = 7D41AA672380B9BA004FD42D /* FirebaseAuth.framework */; };
		7D41AA6A2380B9BA004FD42D /* FirebaseCore.framework in Frameworks */ = {isa = PBXBuildFile; fileRef = 7D41AA692380B9BA004FD42D /* FirebaseCore.framework */; };
		7D41AA6C2380B9BA004FD42D /* FirebaseCoreDiagnostics.framework in Frameworks */ = {isa = PBXBuildFile; fileRef = 7D41AA6B2380B9BA004FD42D /* FirebaseCoreDiagnostics.framework */; };
		7D41AA6E2380B9BA004FD42D /* FirebaseFirestore.framework in Frameworks */ = {isa = PBXBuildFile; fileRef = 7D41AA6D2380B9BA004FD42D /* FirebaseFirestore.framework */; };
		7D41AA702380B9BA004FD42D /* GoogleDataTransport.framework in Frameworks */ = {isa = PBXBuildFile; fileRef = 7D41AA6F2380B9BA004FD42D /* GoogleDataTransport.framework */; };
		7D41AA722380B9BA004FD42D /* GoogleDataTransportCCTSupport.framework in Frameworks */ = {isa = PBXBuildFile; fileRef = 7D41AA712380B9BA004FD42D /* GoogleDataTransportCCTSupport.framework */; };
		7D41AA742380B9BA004FD42D /* GoogleUtilities.framework in Frameworks */ = {isa = PBXBuildFile; fileRef = 7D41AA732380B9BA004FD42D /* GoogleUtilities.framework */; };
		7D41AA762380B9BB004FD42D /* grpc.framework in Frameworks */ = {isa = PBXBuildFile; fileRef = 7D41AA752380B9BB004FD42D /* grpc.framework */; };
		7D41AA782380B9BB004FD42D /* grpcpp.framework in Frameworks */ = {isa = PBXBuildFile; fileRef = 7D41AA772380B9BB004FD42D /* grpcpp.framework */; };
		7D41AA7A2380B9BB004FD42D /* GTMAppAuth.framework in Frameworks */ = {isa = PBXBuildFile; fileRef = 7D41AA792380B9BB004FD42D /* GTMAppAuth.framework */; };
		7D41AA7C2380B9BB004FD42D /* GTMSessionFetcher.framework in Frameworks */ = {isa = PBXBuildFile; fileRef = 7D41AA7B2380B9BB004FD42D /* GTMSessionFetcher.framework */; };
		7D41AA7E2380B9BB004FD42D /* IQKeyboardManagerSwift.framework in Frameworks */ = {isa = PBXBuildFile; fileRef = 7D41AA7D2380B9BB004FD42D /* IQKeyboardManagerSwift.framework */; };
		7D41AA802380B9BB004FD42D /* leveldb.framework in Frameworks */ = {isa = PBXBuildFile; fileRef = 7D41AA7F2380B9BB004FD42D /* leveldb.framework */; };
		7D41AA822380B9BB004FD42D /* nanopb.framework in Frameworks */ = {isa = PBXBuildFile; fileRef = 7D41AA812380B9BB004FD42D /* nanopb.framework */; };
		7D41AA842380B9BB004FD42D /* openssl_grpc.framework in Frameworks */ = {isa = PBXBuildFile; fileRef = 7D41AA832380B9BB004FD42D /* openssl_grpc.framework */; };
		7D88276A237DA21F00742D60 /* SignUpViewController.swift in Sources */ = {isa = PBXBuildFile; fileRef = 7D882769237DA21F00742D60 /* SignUpViewController.swift */; };
		7D88276C237DA2D700742D60 /* LoginViewController.swift in Sources */ = {isa = PBXBuildFile; fileRef = 7D88276B237DA2D700742D60 /* LoginViewController.swift */; };
		DD63A82EC3F56CD79B0A5E48 /* Pods_Ticketing.framework in Frameworks */ = {isa = PBXBuildFile; fileRef = 766A53793BA824E22E02613B /* Pods_Ticketing.framework */; };
		EA6FBCACED8403DEEFFEA3A9 /* Pods_Ticketing_TicketingUITests.framework in Frameworks */ = {isa = PBXBuildFile; fileRef = F16DAECB0D040F0A6E53EC29 /* Pods_Ticketing_TicketingUITests.framework */; };
		E203C63923635D6C00BB0BD6 /* ProfileCVC.swift in Sources */ = {isa = PBXBuildFile; fileRef = E203C63823635D6C00BB0BD6 /* ProfileCVC.swift */; };
/* End PBXBuildFile section */

/* Begin PBXContainerItemProxy section */
		79BA6F45233A8B49003309AC /* PBXContainerItemProxy */ = {
			isa = PBXContainerItemProxy;
			containerPortal = 79BA6F28233A8B40003309AC /* Project object */;
			proxyType = 1;
			remoteGlobalIDString = 79BA6F2F233A8B40003309AC;
			remoteInfo = Ticketing;
		};
		79BA6F50233A8B49003309AC /* PBXContainerItemProxy */ = {
			isa = PBXContainerItemProxy;
			containerPortal = 79BA6F28233A8B40003309AC /* Project object */;
			proxyType = 1;
			remoteGlobalIDString = 79BA6F2F233A8B40003309AC;
			remoteInfo = Ticketing;
		};
/* End PBXContainerItemProxy section */

/* Begin PBXFileReference section */
		0729D8A32375682400800EC2 /* FirebaseAPI.swift */ = {isa = PBXFileReference; lastKnownFileType = sourcecode.swift; path = FirebaseAPI.swift; sourceTree = "<group>"; };
		0769FD6F2368D57B00B367EC /* instructions.md */ = {isa = PBXFileReference; lastKnownFileType = net.daringfireball.markdown; path = instructions.md; sourceTree = "<group>"; };
		076B9418236B1A3D003AE1ED /* SeatSelectViewController.swift */ = {isa = PBXFileReference; lastKnownFileType = sourcecode.swift; path = SeatSelectViewController.swift; sourceTree = "<group>"; };
		076B941A236CC9AD003AE1ED /* seatMap.gif */ = {isa = PBXFileReference; lastKnownFileType = image.gif; path = seatMap.gif; sourceTree = "<group>"; };
		079DE3D4237DCD1F000E8C60 /* UserModel.swift */ = {isa = PBXFileReference; lastKnownFileType = sourcecode.swift; path = UserModel.swift; sourceTree = "<group>"; };
		07CDA4DC23806421004B2798 /* EventModel.swift */ = {isa = PBXFileReference; lastKnownFileType = sourcecode.swift; path = EventModel.swift; sourceTree = "<group>"; };
		07DD38B2237DE08C005A6F72 /* CreditCardModel.swift */ = {isa = PBXFileReference; lastKnownFileType = sourcecode.swift; path = CreditCardModel.swift; sourceTree = "<group>"; };
		3D12176E461DF78C28470DD8 /* Pods-TicketingTests.debug.xcconfig */ = {isa = PBXFileReference; includeInIndex = 1; lastKnownFileType = text.xcconfig; name = "Pods-TicketingTests.debug.xcconfig"; path = "Target Support Files/Pods-TicketingTests/Pods-TicketingTests.debug.xcconfig"; sourceTree = "<group>"; };
		731B2ED32368790800C7A400 /* HomeViewController.swift */ = {isa = PBXFileReference; lastKnownFileType = sourcecode.swift; path = HomeViewController.swift; sourceTree = "<group>"; };
		731B2ED72368825E00C7A400 /* HomeCollectionViewCell.swift */ = {isa = PBXFileReference; lastKnownFileType = sourcecode.swift; name = HomeCollectionViewCell.swift; path = Data/HomeCollectionViewCell.swift; sourceTree = "<group>"; };
		731B2ED82368825E00C7A400 /* HomeCollectionViewCell.xib */ = {isa = PBXFileReference; lastKnownFileType = file.xib; name = HomeCollectionViewCell.xib; path = Data/HomeCollectionViewCell.xib; sourceTree = "<group>"; };
		737AB5A223831BFB004E438B /* Search.storyboard */ = {isa = PBXFileReference; lastKnownFileType = file.storyboard; path = Search.storyboard; sourceTree = "<group>"; };
		737AB5A423831C06004E438B /* Profile.storyboard */ = {isa = PBXFileReference; lastKnownFileType = file.storyboard; path = Profile.storyboard; sourceTree = "<group>"; };
		737AB5A62383314A004E438B /* Main.storyboard */ = {isa = PBXFileReference; lastKnownFileType = file.storyboard; path = Main.storyboard; sourceTree = "<group>"; };
		73E2CFA2234F6CAF0015B3EC /* FavoritesViewController.swift */ = {isa = PBXFileReference; lastKnownFileType = sourcecode.swift; path = FavoritesViewController.swift; sourceTree = "<group>"; };
		73E2CFA4234F6E840015B3EC /* FavoritesTableViewCell.swift */ = {isa = PBXFileReference; lastKnownFileType = sourcecode.swift; path = FavoritesTableViewCell.swift; sourceTree = "<group>"; };
		766A53793BA824E22E02613B /* Pods_Ticketing.framework */ = {isa = PBXFileReference; explicitFileType = wrapper.framework; includeInIndex = 0; path = Pods_Ticketing.framework; sourceTree = BUILT_PRODUCTS_DIR; };
		794876E72385FC5E00496ED0 /* FavoritesTableViewCell.xib */ = {isa = PBXFileReference; fileEncoding = 4; lastKnownFileType = file.xib; path = FavoritesTableViewCell.xib; sourceTree = "<group>"; };
		794876E92386001900496ED0 /* Home.storyboard */ = {isa = PBXFileReference; lastKnownFileType = file.storyboard; path = Home.storyboard; sourceTree = "<group>"; };
		794876EB2386087C00496ED0 /* Favorites.storyboard */ = {isa = PBXFileReference; fileEncoding = 4; lastKnownFileType = file.storyboard; path = Favorites.storyboard; sourceTree = "<group>"; };
		794876ED23860A4700496ED0 /* Tickets.storyboard */ = {isa = PBXFileReference; lastKnownFileType = file.storyboard; path = Tickets.storyboard; sourceTree = "<group>"; };
		794876F02386F62A00496ED0 /* UIFont+PreferredFont&Weight.swift */ = {isa = PBXFileReference; lastKnownFileType = sourcecode.swift; path = "UIFont+PreferredFont&Weight.swift"; sourceTree = "<group>"; };
		7950331B237A5E58005C4F8C /* AppSecrets.swift */ = {isa = PBXFileReference; lastKnownFileType = sourcecode.swift; path = AppSecrets.swift; sourceTree = "<group>"; };
		7950331D237A5F65005C4F8C /* APIConfiguration.swift */ = {isa = PBXFileReference; lastKnownFileType = sourcecode.swift; path = APIConfiguration.swift; sourceTree = "<group>"; };
		79503323237A6A24005C4F8C /* TicketmasterClient.swift */ = {isa = PBXFileReference; lastKnownFileType = sourcecode.swift; path = TicketmasterClient.swift; sourceTree = "<group>"; };
		79503325237A6EE3005C4F8C /* TicketmasterAPI.swift */ = {isa = PBXFileReference; lastKnownFileType = sourcecode.swift; path = TicketmasterAPI.swift; sourceTree = "<group>"; };
		79503328237A6F06005C4F8C /* Event.swift */ = {isa = PBXFileReference; lastKnownFileType = sourcecode.swift; path = Event.swift; sourceTree = "<group>"; };
		79B9E72523744F57006EB931 /* APIRouter.swift */ = {isa = PBXFileReference; lastKnownFileType = sourcecode.swift; path = APIRouter.swift; sourceTree = "<group>"; };
		79B9E7292374B61F006EB931 /* URLConstants.swift */ = {isa = PBXFileReference; lastKnownFileType = sourcecode.swift; path = URLConstants.swift; sourceTree = "<group>"; };
		79BA6F30233A8B40003309AC /* Ticketing.app */ = {isa = PBXFileReference; explicitFileType = wrapper.application; includeInIndex = 0; path = Ticketing.app; sourceTree = BUILT_PRODUCTS_DIR; };
		79BA6F33233A8B40003309AC /* AppDelegate.swift */ = {isa = PBXFileReference; lastKnownFileType = sourcecode.swift; path = AppDelegate.swift; sourceTree = "<group>"; };
		79BA6F38233A8B40003309AC /* Base */ = {isa = PBXFileReference; lastKnownFileType = file.storyboard; name = Base; path = Base.lproj/Profile.storyboard; sourceTree = "<group>"; };
		79BA6F3A233A8B48003309AC /* Assets.xcassets */ = {isa = PBXFileReference; lastKnownFileType = folder.assetcatalog; path = Assets.xcassets; sourceTree = "<group>"; };
		79BA6F3F233A8B48003309AC /* Info.plist */ = {isa = PBXFileReference; lastKnownFileType = text.plist.xml; path = Info.plist; sourceTree = "<group>"; };
		79BA6F44233A8B49003309AC /* TicketingTests.xctest */ = {isa = PBXFileReference; explicitFileType = wrapper.cfbundle; includeInIndex = 0; path = TicketingTests.xctest; sourceTree = BUILT_PRODUCTS_DIR; };
		79BA6F48233A8B49003309AC /* TicketingTests.swift */ = {isa = PBXFileReference; lastKnownFileType = sourcecode.swift; path = TicketingTests.swift; sourceTree = "<group>"; };
		79BA6F4A233A8B49003309AC /* Info.plist */ = {isa = PBXFileReference; lastKnownFileType = text.plist.xml; path = Info.plist; sourceTree = "<group>"; };
		79BA6F4F233A8B49003309AC /* TicketingUITests.xctest */ = {isa = PBXFileReference; explicitFileType = wrapper.cfbundle; includeInIndex = 0; path = TicketingUITests.xctest; sourceTree = BUILT_PRODUCTS_DIR; };
		79BA6F53233A8B49003309AC /* TicketingUITests.swift */ = {isa = PBXFileReference; lastKnownFileType = sourcecode.swift; path = TicketingUITests.swift; sourceTree = "<group>"; };
		79BA6F55233A8B49003309AC /* Info.plist */ = {isa = PBXFileReference; lastKnownFileType = text.plist.xml; path = Info.plist; sourceTree = "<group>"; };
		7A7058A6C0A11327EDE5AC0A /* Pods-Ticketing.release.xcconfig */ = {isa = PBXFileReference; includeInIndex = 1; lastKnownFileType = text.xcconfig; name = "Pods-Ticketing.release.xcconfig"; path = "Target Support Files/Pods-Ticketing/Pods-Ticketing.release.xcconfig"; sourceTree = "<group>"; };
		7D41AA5F237F9230004FD42D /* ResetPasswordViewController.swift */ = {isa = PBXFileReference; lastKnownFileType = sourcecode.swift; path = ResetPasswordViewController.swift; sourceTree = "<group>"; };
		7D41AA61237F94A1004FD42D /* StyleFields.swift */ = {isa = PBXFileReference; lastKnownFileType = sourcecode.swift; path = StyleFields.swift; sourceTree = "<group>"; };
		7D41AA632380B9BA004FD42D /* absl.framework */ = {isa = PBXFileReference; explicitFileType = wrapper.framework; path = absl.framework; sourceTree = BUILT_PRODUCTS_DIR; };
		7D41AA652380B9BA004FD42D /* AppAuth.framework */ = {isa = PBXFileReference; explicitFileType = wrapper.framework; path = AppAuth.framework; sourceTree = BUILT_PRODUCTS_DIR; };
		7D41AA672380B9BA004FD42D /* FirebaseAuth.framework */ = {isa = PBXFileReference; explicitFileType = wrapper.framework; path = FirebaseAuth.framework; sourceTree = BUILT_PRODUCTS_DIR; };
		7D41AA692380B9BA004FD42D /* FirebaseCore.framework */ = {isa = PBXFileReference; explicitFileType = wrapper.framework; path = FirebaseCore.framework; sourceTree = BUILT_PRODUCTS_DIR; };
		7D41AA6B2380B9BA004FD42D /* FirebaseCoreDiagnostics.framework */ = {isa = PBXFileReference; explicitFileType = wrapper.framework; path = FirebaseCoreDiagnostics.framework; sourceTree = BUILT_PRODUCTS_DIR; };
		7D41AA6D2380B9BA004FD42D /* FirebaseFirestore.framework */ = {isa = PBXFileReference; explicitFileType = wrapper.framework; path = FirebaseFirestore.framework; sourceTree = BUILT_PRODUCTS_DIR; };
		7D41AA6F2380B9BA004FD42D /* GoogleDataTransport.framework */ = {isa = PBXFileReference; explicitFileType = wrapper.framework; path = GoogleDataTransport.framework; sourceTree = BUILT_PRODUCTS_DIR; };
		7D41AA712380B9BA004FD42D /* GoogleDataTransportCCTSupport.framework */ = {isa = PBXFileReference; explicitFileType = wrapper.framework; path = GoogleDataTransportCCTSupport.framework; sourceTree = BUILT_PRODUCTS_DIR; };
		7D41AA732380B9BA004FD42D /* GoogleUtilities.framework */ = {isa = PBXFileReference; explicitFileType = wrapper.framework; path = GoogleUtilities.framework; sourceTree = BUILT_PRODUCTS_DIR; };
		7D41AA752380B9BB004FD42D /* grpc.framework */ = {isa = PBXFileReference; explicitFileType = wrapper.framework; path = grpc.framework; sourceTree = BUILT_PRODUCTS_DIR; };
		7D41AA772380B9BB004FD42D /* grpcpp.framework */ = {isa = PBXFileReference; explicitFileType = wrapper.framework; path = grpcpp.framework; sourceTree = BUILT_PRODUCTS_DIR; };
		7D41AA792380B9BB004FD42D /* GTMAppAuth.framework */ = {isa = PBXFileReference; explicitFileType = wrapper.framework; path = GTMAppAuth.framework; sourceTree = BUILT_PRODUCTS_DIR; };
		7D41AA7B2380B9BB004FD42D /* GTMSessionFetcher.framework */ = {isa = PBXFileReference; explicitFileType = wrapper.framework; path = GTMSessionFetcher.framework; sourceTree = BUILT_PRODUCTS_DIR; };
		7D41AA7D2380B9BB004FD42D /* IQKeyboardManagerSwift.framework */ = {isa = PBXFileReference; explicitFileType = wrapper.framework; path = IQKeyboardManagerSwift.framework; sourceTree = BUILT_PRODUCTS_DIR; };
		7D41AA7F2380B9BB004FD42D /* leveldb.framework */ = {isa = PBXFileReference; explicitFileType = wrapper.framework; path = leveldb.framework; sourceTree = BUILT_PRODUCTS_DIR; };
		7D41AA812380B9BB004FD42D /* nanopb.framework */ = {isa = PBXFileReference; explicitFileType = wrapper.framework; path = nanopb.framework; sourceTree = BUILT_PRODUCTS_DIR; };
		7D41AA832380B9BB004FD42D /* openssl_grpc.framework */ = {isa = PBXFileReference; explicitFileType = wrapper.framework; path = openssl_grpc.framework; sourceTree = BUILT_PRODUCTS_DIR; };
		7D882769237DA21F00742D60 /* SignUpViewController.swift */ = {isa = PBXFileReference; lastKnownFileType = sourcecode.swift; path = SignUpViewController.swift; sourceTree = "<group>"; };
		7D88276B237DA2D700742D60 /* LoginViewController.swift */ = {isa = PBXFileReference; lastKnownFileType = sourcecode.swift; path = LoginViewController.swift; sourceTree = "<group>"; };
		7DC319F510749117CF62A87A /* Pods_TicketingTests.framework */ = {isa = PBXFileReference; explicitFileType = wrapper.framework; includeInIndex = 0; path = Pods_TicketingTests.framework; sourceTree = BUILT_PRODUCTS_DIR; };
		83E5BDF583A850D15928C5F8 /* Pods-Ticketing-TicketingUITests.release.xcconfig */ = {isa = PBXFileReference; includeInIndex = 1; lastKnownFileType = text.xcconfig; name = "Pods-Ticketing-TicketingUITests.release.xcconfig"; path = "Target Support Files/Pods-Ticketing-TicketingUITests/Pods-Ticketing-TicketingUITests.release.xcconfig"; sourceTree = "<group>"; };
		90071BA788DADF87234021C0 /* Pods-Ticketing-TicketingUITests.debug.xcconfig */ = {isa = PBXFileReference; includeInIndex = 1; lastKnownFileType = text.xcconfig; name = "Pods-Ticketing-TicketingUITests.debug.xcconfig"; path = "Target Support Files/Pods-Ticketing-TicketingUITests/Pods-Ticketing-TicketingUITests.debug.xcconfig"; sourceTree = "<group>"; };
		92F1B17BBD9F8D0B014CA2DB /* Pods-TicketingTests.release.xcconfig */ = {isa = PBXFileReference; includeInIndex = 1; lastKnownFileType = text.xcconfig; name = "Pods-TicketingTests.release.xcconfig"; path = "Target Support Files/Pods-TicketingTests/Pods-TicketingTests.release.xcconfig"; sourceTree = "<group>"; };
		F16DAECB0D040F0A6E53EC29 /* Pods_Ticketing_TicketingUITests.framework */ = {isa = PBXFileReference; explicitFileType = wrapper.framework; includeInIndex = 0; path = Pods_Ticketing_TicketingUITests.framework; sourceTree = BUILT_PRODUCTS_DIR; };
		FAEF6D2FA1EE248EBBDF2C2F /* Pods-Ticketing.debug.xcconfig */ = {isa = PBXFileReference; includeInIndex = 1; lastKnownFileType = text.xcconfig; name = "Pods-Ticketing.debug.xcconfig"; path = "Target Support Files/Pods-Ticketing/Pods-Ticketing.debug.xcconfig"; sourceTree = "<group>"; };
		E203C63823635D6C00BB0BD6 /* ProfileCVC.swift */ = {isa = PBXFileReference; fileEncoding = 4; lastKnownFileType = sourcecode.swift; path = ProfileCVC.swift; sourceTree = "<group>"; };
/* End PBXFileReference section */

/* Begin PBXFrameworksBuildPhase section */
		79BA6F2D233A8B40003309AC /* Frameworks */ = {
			isa = PBXFrameworksBuildPhase;
			buildActionMask = 2147483647;
			files = (
				7D41AA642380B9BA004FD42D /* absl.framework in Frameworks */,
				7D41AA662380B9BA004FD42D /* AppAuth.framework in Frameworks */,
				7D41AA682380B9BA004FD42D /* FirebaseAuth.framework in Frameworks */,
				7D41AA6A2380B9BA004FD42D /* FirebaseCore.framework in Frameworks */,
				7D41AA6C2380B9BA004FD42D /* FirebaseCoreDiagnostics.framework in Frameworks */,
				7D41AA6E2380B9BA004FD42D /* FirebaseFirestore.framework in Frameworks */,
				7D41AA702380B9BA004FD42D /* GoogleDataTransport.framework in Frameworks */,
				7D41AA722380B9BA004FD42D /* GoogleDataTransportCCTSupport.framework in Frameworks */,
				7D41AA742380B9BA004FD42D /* GoogleUtilities.framework in Frameworks */,
				7D41AA762380B9BB004FD42D /* grpc.framework in Frameworks */,
				7D41AA782380B9BB004FD42D /* grpcpp.framework in Frameworks */,
				7D41AA7A2380B9BB004FD42D /* GTMAppAuth.framework in Frameworks */,
				7D41AA7C2380B9BB004FD42D /* GTMSessionFetcher.framework in Frameworks */,
				7D41AA7E2380B9BB004FD42D /* IQKeyboardManagerSwift.framework in Frameworks */,
				7D41AA802380B9BB004FD42D /* leveldb.framework in Frameworks */,
				7D41AA822380B9BB004FD42D /* nanopb.framework in Frameworks */,
				7D41AA842380B9BB004FD42D /* openssl_grpc.framework in Frameworks */,
				DD63A82EC3F56CD79B0A5E48 /* Pods_Ticketing.framework in Frameworks */,
			);
			runOnlyForDeploymentPostprocessing = 0;
		};
		79BA6F41233A8B49003309AC /* Frameworks */ = {
			isa = PBXFrameworksBuildPhase;
			buildActionMask = 2147483647;
			files = (
				6A899A933EFD69D36D9345C0 /* Pods_TicketingTests.framework in Frameworks */,
			);
			runOnlyForDeploymentPostprocessing = 0;
		};
		79BA6F4C233A8B49003309AC /* Frameworks */ = {
			isa = PBXFrameworksBuildPhase;
			buildActionMask = 2147483647;
			files = (
				EA6FBCACED8403DEEFFEA3A9 /* Pods_Ticketing_TicketingUITests.framework in Frameworks */,
			);
			runOnlyForDeploymentPostprocessing = 0;
		};
/* End PBXFrameworksBuildPhase section */

/* Begin PBXGroup section */
		0729D8A02375609000800EC2 /* Models */ = {
			isa = PBXGroup;
			children = (
				0729D8A32375682400800EC2 /* FirebaseAPI.swift */,
				079DE3D4237DCD1F000E8C60 /* UserModel.swift */,
				07DD38B2237DE08C005A6F72 /* CreditCardModel.swift */,
				07CDA4DC23806421004B2798 /* EventModel.swift */,
				79503328237A6F06005C4F8C /* Event.swift */,
			);
			path = Models;
			sourceTree = "<group>";
		};
		0769FD6C2368D4B000B367EC /* Firebase */ = {
			isa = PBXGroup;
			children = (
				E23D285B2383242D00A39604 /* GoogleService-Info.plist */,
				0769FD6F2368D57B00B367EC /* instructions.md */,
			);
			path = Firebase;
			sourceTree = "<group>";
		};
		076B9417236B19CE003AE1ED /* Purchasing */ = {
			isa = PBXGroup;
			children = (
				076B9418236B1A3D003AE1ED /* SeatSelectViewController.swift */,
				076B941A236CC9AD003AE1ED /* seatMap.gif */,
			);
			path = Purchasing;
			sourceTree = "<group>";
		};
		313229F91FD0EA01A0AA0A57 /* Pods */ = {
			isa = PBXGroup;
			children = (
				FAEF6D2FA1EE248EBBDF2C2F /* Pods-Ticketing.debug.xcconfig */,
				7A7058A6C0A11327EDE5AC0A /* Pods-Ticketing.release.xcconfig */,
				90071BA788DADF87234021C0 /* Pods-Ticketing-TicketingUITests.debug.xcconfig */,
				83E5BDF583A850D15928C5F8 /* Pods-Ticketing-TicketingUITests.release.xcconfig */,
				3D12176E461DF78C28470DD8 /* Pods-TicketingTests.debug.xcconfig */,
				92F1B17BBD9F8D0B014CA2DB /* Pods-TicketingTests.release.xcconfig */,
			);
			path = Pods;
			sourceTree = "<group>";
		};
		733D18A023560177008FF9A1 /* Home */ = {
			isa = PBXGroup;
			children = (
				731B2ED32368790800C7A400 /* HomeViewController.swift */,
				731B2ED72368825E00C7A400 /* HomeCollectionViewCell.swift */,
				731B2ED82368825E00C7A400 /* HomeCollectionViewCell.xib */,
			);
			path = Home;
			sourceTree = "<group>";
		};
		737AB5A123831BE2004E438B /* Storyboards */ = {
			isa = PBXGroup;
			children = (
				794876EB2386087C00496ED0 /* Favorites.storyboard */,
				737AB5A223831BFB004E438B /* Search.storyboard */,
				737AB5A423831C06004E438B /* Profile.storyboard */,
				737AB5A62383314A004E438B /* Main.storyboard */,
				794876E92386001900496ED0 /* Home.storyboard */,
				794876ED23860A4700496ED0 /* Tickets.storyboard */,
			);
			path = Storyboards;
			sourceTree = "<group>";
		};
		794876E52385F01300496ED0 /* Favorites */ = {
			isa = PBXGroup;
			children = (
				794876E72385FC5E00496ED0 /* FavoritesTableViewCell.xib */,
				73E2CFA2234F6CAF0015B3EC /* FavoritesViewController.swift */,
				73E2CFA4234F6E840015B3EC /* FavoritesTableViewCell.swift */,
			);
			path = Favorites;
			sourceTree = "<group>";
		};
		794876E62385F07200496ED0 /* ViewRelated */ = {
			isa = PBXGroup;
			children = (
				794876EF2386F5F900496ED0 /* Extensions */,
				076B9417236B19CE003AE1ED /* Purchasing */,
				794876E52385F01300496ED0 /* Favorites */,
				7D8B9FEF237F84CA000186F9 /* Onboarding */,
				737AB5A123831BE2004E438B /* Storyboards */,
				733D18A023560177008FF9A1 /* Home */,
			);
			path = ViewRelated;
			sourceTree = "<group>";
		};
		794876EF2386F5F900496ED0 /* Extensions */ = {
			isa = PBXGroup;
			children = (
				794876F02386F62A00496ED0 /* UIFont+PreferredFont&Weight.swift */,
			);
			path = Extensions;
			sourceTree = "<group>";
		};
		79B9E72423744F28006EB931 /* Networking */ = {
			isa = PBXGroup;
			children = (
				79B9E72523744F57006EB931 /* APIRouter.swift */,
				79B9E7292374B61F006EB931 /* URLConstants.swift */,
				7950331B237A5E58005C4F8C /* AppSecrets.swift */,
				7950331D237A5F65005C4F8C /* APIConfiguration.swift */,
				79503323237A6A24005C4F8C /* TicketmasterClient.swift */,
				79503325237A6EE3005C4F8C /* TicketmasterAPI.swift */,
			);
			path = Networking;
			sourceTree = "<group>";
		};
		79BA6F27233A8B40003309AC = {
			isa = PBXGroup;
			children = (
				79BA6F32233A8B40003309AC /* Ticketing */,
				79BA6F47233A8B49003309AC /* TicketingTests */,
				79BA6F52233A8B49003309AC /* TicketingUITests */,
				79BA6F31233A8B40003309AC /* Products */,
				313229F91FD0EA01A0AA0A57 /* Pods */,
				8445B2A737C37550212179D5 /* Frameworks */,
			);
			sourceTree = "<group>";
		};
		79BA6F31233A8B40003309AC /* Products */ = {
			isa = PBXGroup;
			children = (
				79BA6F30233A8B40003309AC /* Ticketing.app */,
				79BA6F44233A8B49003309AC /* TicketingTests.xctest */,
				79BA6F4F233A8B49003309AC /* TicketingUITests.xctest */,
			);
			name = Products;
			sourceTree = "<group>";
		};
		79BA6F32233A8B40003309AC /* Ticketing */ = {
			isa = PBXGroup;
			children = (
				794876E62385F07200496ED0 /* ViewRelated */,
				79D93A2823877A6900FF8D3B /* Storyboards */,
				79D93A2723877A3800FF8D3B /* Profile */,
				0729D8A02375609000800EC2 /* Models */,
				79B9E72423744F28006EB931 /* Networking */,
				0769FD6C2368D4B000B367EC /* Firebase */,
				79BA6F33233A8B40003309AC /* AppDelegate.swift */,
				79BA6F3A233A8B48003309AC /* Assets.xcassets */,
				79BA6F3F233A8B48003309AC /* Info.plist */,
			);
			path = Ticketing;
			sourceTree = "<group>";
		};
		79BA6F47233A8B49003309AC /* TicketingTests */ = {
			isa = PBXGroup;
			children = (
				79BA6F48233A8B49003309AC /* TicketingTests.swift */,
				79BA6F4A233A8B49003309AC /* Info.plist */,
			);
			path = TicketingTests;
			sourceTree = "<group>";
		};
		79BA6F52233A8B49003309AC /* TicketingUITests */ = {
			isa = PBXGroup;
			children = (
				79BA6F53233A8B49003309AC /* TicketingUITests.swift */,
				79BA6F55233A8B49003309AC /* Info.plist */,
			);
			path = TicketingUITests;
			sourceTree = "<group>";
		};
		7D8B9FEF237F84CA000186F9 /* Onboarding */ = {
			isa = PBXGroup;
			children = (
				7D882769237DA21F00742D60 /* SignUpViewController.swift */,
				7D88276B237DA2D700742D60 /* LoginViewController.swift */,
				7D41AA5F237F9230004FD42D /* ResetPasswordViewController.swift */,
				7D41AA61237F94A1004FD42D /* StyleFields.swift */,
			);
			path = Onboarding;
			sourceTree = "<group>";
		};
		79D93A2723877A3800FF8D3B /* Profile */ = {
			isa = PBXGroup;
			children = (
				E203C63823635D6C00BB0BD6 /* ProfileCVC.swift */,
			);
			path = Profile;
			sourceTree = "<group>";
		};
		79D93A2823877A6900FF8D3B /* Storyboards */ = {
			isa = PBXGroup;
			children = (
				79BA6F37233A8B40003309AC /* Profile.storyboard */,
			);
			path = Storyboards;
			sourceTree = "<group>";
		};
		8445B2A737C37550212179D5 /* Frameworks */ = {
			isa = PBXGroup;
			children = (
				7D41AA632380B9BA004FD42D /* absl.framework */,
				7D41AA652380B9BA004FD42D /* AppAuth.framework */,
				7D41AA672380B9BA004FD42D /* FirebaseAuth.framework */,
				7D41AA692380B9BA004FD42D /* FirebaseCore.framework */,
				7D41AA6B2380B9BA004FD42D /* FirebaseCoreDiagnostics.framework */,
				7D41AA6D2380B9BA004FD42D /* FirebaseFirestore.framework */,
				7D41AA6F2380B9BA004FD42D /* GoogleDataTransport.framework */,
				7D41AA712380B9BA004FD42D /* GoogleDataTransportCCTSupport.framework */,
				7D41AA732380B9BA004FD42D /* GoogleUtilities.framework */,
				7D41AA752380B9BB004FD42D /* grpc.framework */,
				7D41AA772380B9BB004FD42D /* grpcpp.framework */,
				7D41AA792380B9BB004FD42D /* GTMAppAuth.framework */,
				7D41AA7B2380B9BB004FD42D /* GTMSessionFetcher.framework */,
				7D41AA7D2380B9BB004FD42D /* IQKeyboardManagerSwift.framework */,
				7D41AA7F2380B9BB004FD42D /* leveldb.framework */,
				7D41AA812380B9BB004FD42D /* nanopb.framework */,
				7D41AA832380B9BB004FD42D /* openssl_grpc.framework */,
				766A53793BA824E22E02613B /* Pods_Ticketing.framework */,
				F16DAECB0D040F0A6E53EC29 /* Pods_Ticketing_TicketingUITests.framework */,
				7DC319F510749117CF62A87A /* Pods_TicketingTests.framework */,
			);
			name = Frameworks;
			sourceTree = "<group>";
		};
/* End PBXGroup section */

/* Begin PBXNativeTarget section */
		79BA6F2F233A8B40003309AC /* Ticketing */ = {
			isa = PBXNativeTarget;
			buildConfigurationList = 79BA6F58233A8B49003309AC /* Build configuration list for PBXNativeTarget "Ticketing" */;
			buildPhases = (
				0414B8760E8B305FEC7C6673 /* [CP] Check Pods Manifest.lock */,
				79BA6F2C233A8B40003309AC /* Sources */,
				79BA6F2D233A8B40003309AC /* Frameworks */,
				79BA6F2E233A8B40003309AC /* Resources */,
				166160080F76C4779A79F4ED /* [CP] Embed Pods Frameworks */,
				C2469442B2BF4E2C2CFF2268 /* [CP] Copy Pods Resources */,
			);
			buildRules = (
			);
			dependencies = (
			);
			name = Ticketing;
			productName = Ticketing;
			productReference = 79BA6F30233A8B40003309AC /* Ticketing.app */;
			productType = "com.apple.product-type.application";
		};
		79BA6F43233A8B49003309AC /* TicketingTests */ = {
			isa = PBXNativeTarget;
			buildConfigurationList = 79BA6F5B233A8B49003309AC /* Build configuration list for PBXNativeTarget "TicketingTests" */;
			buildPhases = (
				D32B53A552E4A792F186A75E /* [CP] Check Pods Manifest.lock */,
				79BA6F40233A8B49003309AC /* Sources */,
				79BA6F41233A8B49003309AC /* Frameworks */,
				79BA6F42233A8B49003309AC /* Resources */,
			);
			buildRules = (
			);
			dependencies = (
				79BA6F46233A8B49003309AC /* PBXTargetDependency */,
			);
			name = TicketingTests;
			productName = TicketingTests;
			productReference = 79BA6F44233A8B49003309AC /* TicketingTests.xctest */;
			productType = "com.apple.product-type.bundle.unit-test";
		};
		79BA6F4E233A8B49003309AC /* TicketingUITests */ = {
			isa = PBXNativeTarget;
			buildConfigurationList = 79BA6F5E233A8B49003309AC /* Build configuration list for PBXNativeTarget "TicketingUITests" */;
			buildPhases = (
				251402B7862674A65E5109D6 /* [CP] Check Pods Manifest.lock */,
				79BA6F4B233A8B49003309AC /* Sources */,
				79BA6F4C233A8B49003309AC /* Frameworks */,
				79BA6F4D233A8B49003309AC /* Resources */,
				3ED2829D1F483C0B7C0D3228 /* [CP] Embed Pods Frameworks */,
				BA7BB4A08760A740F1D32414 /* [CP] Copy Pods Resources */,
			);
			buildRules = (
			);
			dependencies = (
				79BA6F51233A8B49003309AC /* PBXTargetDependency */,
			);
			name = TicketingUITests;
			productName = TicketingUITests;
			productReference = 79BA6F4F233A8B49003309AC /* TicketingUITests.xctest */;
			productType = "com.apple.product-type.bundle.ui-testing";
		};
/* End PBXNativeTarget section */

/* Begin PBXProject section */
		79BA6F28233A8B40003309AC /* Project object */ = {
			isa = PBXProject;
			attributes = {
				LastSwiftUpdateCheck = 1030;
				LastUpgradeCheck = 1120;
				ORGANIZATIONNAME = "Cassandra Zuria";
				TargetAttributes = {
					79BA6F2F233A8B40003309AC = {
						CreatedOnToolsVersion = 10.3;
					};
					79BA6F43233A8B49003309AC = {
						CreatedOnToolsVersion = 10.3;
						TestTargetID = 79BA6F2F233A8B40003309AC;
					};
					79BA6F4E233A8B49003309AC = {
						CreatedOnToolsVersion = 10.3;
						TestTargetID = 79BA6F2F233A8B40003309AC;
					};
				};
			};
			buildConfigurationList = 79BA6F2B233A8B40003309AC /* Build configuration list for PBXProject "Ticketing" */;
			compatibilityVersion = "Xcode 9.3";
			developmentRegion = en;
			hasScannedForEncodings = 0;
			knownRegions = (
				en,
				Base,
			);
			mainGroup = 79BA6F27233A8B40003309AC;
			productRefGroup = 79BA6F31233A8B40003309AC /* Products */;
			projectDirPath = "";
			projectRoot = "";
			targets = (
				79BA6F2F233A8B40003309AC /* Ticketing */,
				79BA6F43233A8B49003309AC /* TicketingTests */,
				79BA6F4E233A8B49003309AC /* TicketingUITests */,
			);
		};
/* End PBXProject section */

/* Begin PBXResourcesBuildPhase section */
		79BA6F2E233A8B40003309AC /* Resources */ = {
			isa = PBXResourcesBuildPhase;
			buildActionMask = 2147483647;
			files = (
				794876EE23860A4700496ED0 /* Tickets.storyboard in Resources */,
				737AB5A523831C06004E438B /* Profile.storyboard in Resources */,
				794876EA2386001900496ED0 /* Home.storyboard in Resources */,
				737AB5A72383314A004E438B /* Main.storyboard in Resources */,
				076B941B236CC9AD003AE1ED /* seatMap.gif in Resources */,
				0769FD6E2368D4C600B367EC /* GoogleService-Info.plist in Resources */,
				737AB5A323831BFB004E438B /* Search.storyboard in Resources */,
				794876EC2386087C00496ED0 /* Favorites.storyboard in Resources */,
				79BA6F3B233A8B48003309AC /* Assets.xcassets in Resources */,
				794876E82385FC5F00496ED0 /* FavoritesTableViewCell.xib in Resources */,
				731B2EDA2368825E00C7A400 /* HomeCollectionViewCell.xib in Resources */,
				79BA6F39233A8B40003309AC /* Profile.storyboard in Resources */,
			);
			runOnlyForDeploymentPostprocessing = 0;
		};
		79BA6F42233A8B49003309AC /* Resources */ = {
			isa = PBXResourcesBuildPhase;
			buildActionMask = 2147483647;
			files = (
			);
			runOnlyForDeploymentPostprocessing = 0;
		};
		79BA6F4D233A8B49003309AC /* Resources */ = {
			isa = PBXResourcesBuildPhase;
			buildActionMask = 2147483647;
			files = (
			);
			runOnlyForDeploymentPostprocessing = 0;
		};
/* End PBXResourcesBuildPhase section */

/* Begin PBXShellScriptBuildPhase section */
		0414B8760E8B305FEC7C6673 /* [CP] Check Pods Manifest.lock */ = {
			isa = PBXShellScriptBuildPhase;
			buildActionMask = 2147483647;
			files = (
			);
			inputFileListPaths = (
			);
			inputPaths = (
				"${PODS_PODFILE_DIR_PATH}/Podfile.lock",
				"${PODS_ROOT}/Manifest.lock",
			);
			name = "[CP] Check Pods Manifest.lock";
			outputFileListPaths = (
			);
			outputPaths = (
				"$(DERIVED_FILE_DIR)/Pods-Ticketing-checkManifestLockResult.txt",
			);
			runOnlyForDeploymentPostprocessing = 0;
			shellPath = /bin/sh;
			shellScript = "diff \"${PODS_PODFILE_DIR_PATH}/Podfile.lock\" \"${PODS_ROOT}/Manifest.lock\" > /dev/null\nif [ $? != 0 ] ; then\n    # print error to STDERR\n    echo \"error: The sandbox is not in sync with the Podfile.lock. Run 'pod install' or update your CocoaPods installation.\" >&2\n    exit 1\nfi\n# This output is used by Xcode 'outputs' to avoid re-running this script phase.\necho \"SUCCESS\" > \"${SCRIPT_OUTPUT_FILE_0}\"\n";
			showEnvVarsInLog = 0;
		};
		166160080F76C4779A79F4ED /* [CP] Embed Pods Frameworks */ = {
			isa = PBXShellScriptBuildPhase;
			buildActionMask = 2147483647;
			files = (
			);
			inputFileListPaths = (
				"${PODS_ROOT}/Target Support Files/Pods-Ticketing/Pods-Ticketing-frameworks-${CONFIGURATION}-input-files.xcfilelist",
			);
			name = "[CP] Embed Pods Frameworks";
			outputFileListPaths = (
				"${PODS_ROOT}/Target Support Files/Pods-Ticketing/Pods-Ticketing-frameworks-${CONFIGURATION}-output-files.xcfilelist",
			);
			runOnlyForDeploymentPostprocessing = 0;
			shellPath = /bin/sh;
			shellScript = "\"${PODS_ROOT}/Target Support Files/Pods-Ticketing/Pods-Ticketing-frameworks.sh\"\n";
			showEnvVarsInLog = 0;
		};
		251402B7862674A65E5109D6 /* [CP] Check Pods Manifest.lock */ = {
			isa = PBXShellScriptBuildPhase;
			buildActionMask = 2147483647;
			files = (
			);
			inputFileListPaths = (
			);
			inputPaths = (
				"${PODS_PODFILE_DIR_PATH}/Podfile.lock",
				"${PODS_ROOT}/Manifest.lock",
			);
			name = "[CP] Check Pods Manifest.lock";
			outputFileListPaths = (
			);
			outputPaths = (
				"$(DERIVED_FILE_DIR)/Pods-Ticketing-TicketingUITests-checkManifestLockResult.txt",
			);
			runOnlyForDeploymentPostprocessing = 0;
			shellPath = /bin/sh;
			shellScript = "diff \"${PODS_PODFILE_DIR_PATH}/Podfile.lock\" \"${PODS_ROOT}/Manifest.lock\" > /dev/null\nif [ $? != 0 ] ; then\n    # print error to STDERR\n    echo \"error: The sandbox is not in sync with the Podfile.lock. Run 'pod install' or update your CocoaPods installation.\" >&2\n    exit 1\nfi\n# This output is used by Xcode 'outputs' to avoid re-running this script phase.\necho \"SUCCESS\" > \"${SCRIPT_OUTPUT_FILE_0}\"\n";
			showEnvVarsInLog = 0;
		};
		3ED2829D1F483C0B7C0D3228 /* [CP] Embed Pods Frameworks */ = {
			isa = PBXShellScriptBuildPhase;
			buildActionMask = 2147483647;
			files = (
			);
			inputFileListPaths = (
				"${PODS_ROOT}/Target Support Files/Pods-Ticketing-TicketingUITests/Pods-Ticketing-TicketingUITests-frameworks-${CONFIGURATION}-input-files.xcfilelist",
			);
			name = "[CP] Embed Pods Frameworks";
			outputFileListPaths = (
				"${PODS_ROOT}/Target Support Files/Pods-Ticketing-TicketingUITests/Pods-Ticketing-TicketingUITests-frameworks-${CONFIGURATION}-output-files.xcfilelist",
			);
			runOnlyForDeploymentPostprocessing = 0;
			shellPath = /bin/sh;
			shellScript = "\"${PODS_ROOT}/Target Support Files/Pods-Ticketing-TicketingUITests/Pods-Ticketing-TicketingUITests-frameworks.sh\"\n";
			showEnvVarsInLog = 0;
		};
		BA7BB4A08760A740F1D32414 /* [CP] Copy Pods Resources */ = {
			isa = PBXShellScriptBuildPhase;
			buildActionMask = 2147483647;
			files = (
			);
			inputFileListPaths = (
				"${PODS_ROOT}/Target Support Files/Pods-Ticketing-TicketingUITests/Pods-Ticketing-TicketingUITests-resources-${CONFIGURATION}-input-files.xcfilelist",
			);
			name = "[CP] Copy Pods Resources";
			outputFileListPaths = (
				"${PODS_ROOT}/Target Support Files/Pods-Ticketing-TicketingUITests/Pods-Ticketing-TicketingUITests-resources-${CONFIGURATION}-output-files.xcfilelist",
			);
			runOnlyForDeploymentPostprocessing = 0;
			shellPath = /bin/sh;
			shellScript = "\"${PODS_ROOT}/Target Support Files/Pods-Ticketing-TicketingUITests/Pods-Ticketing-TicketingUITests-resources.sh\"\n";
			showEnvVarsInLog = 0;
		};
		C2469442B2BF4E2C2CFF2268 /* [CP] Copy Pods Resources */ = {
			isa = PBXShellScriptBuildPhase;
			buildActionMask = 2147483647;
			files = (
			);
			inputFileListPaths = (
				"${PODS_ROOT}/Target Support Files/Pods-Ticketing/Pods-Ticketing-resources-${CONFIGURATION}-input-files.xcfilelist",
			);
			name = "[CP] Copy Pods Resources";
			outputFileListPaths = (
				"${PODS_ROOT}/Target Support Files/Pods-Ticketing/Pods-Ticketing-resources-${CONFIGURATION}-output-files.xcfilelist",
			);
			runOnlyForDeploymentPostprocessing = 0;
			shellPath = /bin/sh;
			shellScript = "\"${PODS_ROOT}/Target Support Files/Pods-Ticketing/Pods-Ticketing-resources.sh\"\n";
			showEnvVarsInLog = 0;
		};
		D32B53A552E4A792F186A75E /* [CP] Check Pods Manifest.lock */ = {
			isa = PBXShellScriptBuildPhase;
			buildActionMask = 2147483647;
			files = (
			);
			inputFileListPaths = (
			);
			inputPaths = (
				"${PODS_PODFILE_DIR_PATH}/Podfile.lock",
				"${PODS_ROOT}/Manifest.lock",
			);
			name = "[CP] Check Pods Manifest.lock";
			outputFileListPaths = (
			);
			outputPaths = (
				"$(DERIVED_FILE_DIR)/Pods-TicketingTests-checkManifestLockResult.txt",
			);
			runOnlyForDeploymentPostprocessing = 0;
			shellPath = /bin/sh;
			shellScript = "diff \"${PODS_PODFILE_DIR_PATH}/Podfile.lock\" \"${PODS_ROOT}/Manifest.lock\" > /dev/null\nif [ $? != 0 ] ; then\n    # print error to STDERR\n    echo \"error: The sandbox is not in sync with the Podfile.lock. Run 'pod install' or update your CocoaPods installation.\" >&2\n    exit 1\nfi\n# This output is used by Xcode 'outputs' to avoid re-running this script phase.\necho \"SUCCESS\" > \"${SCRIPT_OUTPUT_FILE_0}\"\n";
			showEnvVarsInLog = 0;
		};
/* End PBXShellScriptBuildPhase section */

/* Begin PBXSourcesBuildPhase section */
		79BA6F2C233A8B40003309AC /* Sources */ = {
			isa = PBXSourcesBuildPhase;
			buildActionMask = 2147483647;
			files = (
				7D88276C237DA2D700742D60 /* LoginViewController.swift in Sources */,
				7D88276A237DA21F00742D60 /* SignUpViewController.swift in Sources */,
				076B9419236B1A3D003AE1ED /* SeatSelectViewController.swift in Sources */,
				73E2CFA5234F6E840015B3EC /* FavoritesTableViewCell.swift in Sources */,
				73E2CFA3234F6CAF0015B3EC /* FavoritesViewController.swift in Sources */,
				07DD38B3237DE08C005A6F72 /* CreditCardModel.swift in Sources */,
				7D41AA62237F94A1004FD42D /* StyleFields.swift in Sources */,
				79BA6F34233A8B40003309AC /* AppDelegate.swift in Sources */,
				07CDA4DD23806421004B2798 /* EventModel.swift in Sources */,
				E203C63923635D6C00BB0BD6 /* ProfileCVC.swift in Sources */,
				076B9419236B1A3D003AE1ED /* SeatSelectViewController.swift in Sources */,
				07DD38B3237DE08C005A6F72 /* CreditCardModel.swift in Sources */,
				079DE3D5237DCD1F000E8C60 /* UserModel.swift in Sources */,
				0729D8A42375682400800EC2 /* FirebaseAPI.swift in Sources */,
				7D41AA60237F9230004FD42D /* ResetPasswordViewController.swift in Sources */,
				731B2ED42368790800C7A400 /* HomeViewController.swift in Sources */,
				79BA6F34233A8B40003309AC /* AppDelegate.swift in Sources */,
				731B2ED92368825E00C7A400 /* HomeCollectionViewCell.swift in Sources */,
				79503329237A6F06005C4F8C /* Event.swift in Sources */,
				794876F12386F62A00496ED0 /* UIFont+PreferredFont&Weight.swift in Sources */,
				79B9E72A2374B61F006EB931 /* URLConstants.swift in Sources */,
				79503326237A6EE3005C4F8C /* TicketmasterAPI.swift in Sources */,
				79503324237A6A24005C4F8C /* TicketmasterClient.swift in Sources */,
				79B9E72623744F57006EB931 /* APIRouter.swift in Sources */,
				79BA6F34233A8B40003309AC /* AppDelegate.swift in Sources */,
				7950331E237A5F65005C4F8C /* APIConfiguration.swift in Sources */,
				7950331C237A5E58005C4F8C /* AppSecrets.swift in Sources */,
			);
			runOnlyForDeploymentPostprocessing = 0;
		};
		79BA6F40233A8B49003309AC /* Sources */ = {
			isa = PBXSourcesBuildPhase;
			buildActionMask = 2147483647;
			files = (
				79BA6F49233A8B49003309AC /* TicketingTests.swift in Sources */,
			);
			runOnlyForDeploymentPostprocessing = 0;
		};
		79BA6F4B233A8B49003309AC /* Sources */ = {
			isa = PBXSourcesBuildPhase;
			buildActionMask = 2147483647;
			files = (
				79BA6F54233A8B49003309AC /* TicketingUITests.swift in Sources */,
			);
			runOnlyForDeploymentPostprocessing = 0;
		};
/* End PBXSourcesBuildPhase section */

/* Begin PBXTargetDependency section */
		79BA6F46233A8B49003309AC /* PBXTargetDependency */ = {
			isa = PBXTargetDependency;
			target = 79BA6F2F233A8B40003309AC /* Ticketing */;
			targetProxy = 79BA6F45233A8B49003309AC /* PBXContainerItemProxy */;
		};
		79BA6F51233A8B49003309AC /* PBXTargetDependency */ = {
			isa = PBXTargetDependency;
			target = 79BA6F2F233A8B40003309AC /* Ticketing */;
			targetProxy = 79BA6F50233A8B49003309AC /* PBXContainerItemProxy */;
		};
/* End PBXTargetDependency section */

/* Begin PBXVariantGroup section */
		79BA6F37233A8B40003309AC /* Profile.storyboard */ = {
			isa = PBXVariantGroup;
			children = (
				79BA6F38233A8B40003309AC /* Base */,
			);
			name = Profile.storyboard;
			sourceTree = "<group>";
		};
		79BA6F3C233A8B48003309AC /* LaunchScreen.storyboard */ = {
			isa = PBXVariantGroup;
			children = (
				79BA6F3D233A8B48003309AC /* Base */,
			);
			name = LaunchScreen.storyboard;
			sourceTree = "<group>";
		};
/* End PBXVariantGroup section */

/* Begin XCBuildConfiguration section */
		79BA6F56233A8B49003309AC /* Debug */ = {
			isa = XCBuildConfiguration;
			buildSettings = {
				ALWAYS_SEARCH_USER_PATHS = NO;
				CLANG_ANALYZER_NONNULL = YES;
				CLANG_ANALYZER_NUMBER_OBJECT_CONVERSION = YES_AGGRESSIVE;
				CLANG_CXX_LANGUAGE_STANDARD = "gnu++14";
				CLANG_CXX_LIBRARY = "libc++";
				CLANG_ENABLE_MODULES = YES;
				CLANG_ENABLE_OBJC_ARC = YES;
				CLANG_ENABLE_OBJC_WEAK = YES;
				CLANG_WARN_BLOCK_CAPTURE_AUTORELEASING = YES;
				CLANG_WARN_BOOL_CONVERSION = YES;
				CLANG_WARN_COMMA = YES;
				CLANG_WARN_CONSTANT_CONVERSION = YES;
				CLANG_WARN_DEPRECATED_OBJC_IMPLEMENTATIONS = YES;
				CLANG_WARN_DIRECT_OBJC_ISA_USAGE = YES_ERROR;
				CLANG_WARN_DOCUMENTATION_COMMENTS = YES;
				CLANG_WARN_EMPTY_BODY = YES;
				CLANG_WARN_ENUM_CONVERSION = YES;
				CLANG_WARN_INFINITE_RECURSION = YES;
				CLANG_WARN_INT_CONVERSION = YES;
				CLANG_WARN_NON_LITERAL_NULL_CONVERSION = YES;
				CLANG_WARN_OBJC_IMPLICIT_RETAIN_SELF = YES;
				CLANG_WARN_OBJC_LITERAL_CONVERSION = YES;
				CLANG_WARN_OBJC_ROOT_CLASS = YES_ERROR;
				CLANG_WARN_RANGE_LOOP_ANALYSIS = YES;
				CLANG_WARN_STRICT_PROTOTYPES = YES;
				CLANG_WARN_SUSPICIOUS_MOVE = YES;
				CLANG_WARN_UNGUARDED_AVAILABILITY = YES_AGGRESSIVE;
				CLANG_WARN_UNREACHABLE_CODE = YES;
				CLANG_WARN__DUPLICATE_METHOD_MATCH = YES;
				CODE_SIGN_IDENTITY = "iPhone Developer";
				COPY_PHASE_STRIP = NO;
				DEBUG_INFORMATION_FORMAT = dwarf;
				ENABLE_STRICT_OBJC_MSGSEND = YES;
				ENABLE_TESTABILITY = YES;
				GCC_C_LANGUAGE_STANDARD = gnu11;
				GCC_DYNAMIC_NO_PIC = NO;
				GCC_NO_COMMON_BLOCKS = YES;
				GCC_OPTIMIZATION_LEVEL = 0;
				GCC_PREPROCESSOR_DEFINITIONS = (
					"DEBUG=1",
					"$(inherited)",
				);
				GCC_WARN_64_TO_32_BIT_CONVERSION = YES;
				GCC_WARN_ABOUT_RETURN_TYPE = YES_ERROR;
				GCC_WARN_UNDECLARED_SELECTOR = YES;
				GCC_WARN_UNINITIALIZED_AUTOS = YES_AGGRESSIVE;
				GCC_WARN_UNUSED_FUNCTION = YES;
				GCC_WARN_UNUSED_VARIABLE = YES;
				IPHONEOS_DEPLOYMENT_TARGET = 12.4;
				MTL_ENABLE_DEBUG_INFO = INCLUDE_SOURCE;
				MTL_FAST_MATH = YES;
				ONLY_ACTIVE_ARCH = YES;
				SDKROOT = iphoneos;
				SWIFT_ACTIVE_COMPILATION_CONDITIONS = DEBUG;
				SWIFT_OPTIMIZATION_LEVEL = "-Onone";
			};
			name = Debug;
		};
		79BA6F57233A8B49003309AC /* Release */ = {
			isa = XCBuildConfiguration;
			buildSettings = {
				ALWAYS_SEARCH_USER_PATHS = NO;
				CLANG_ANALYZER_NONNULL = YES;
				CLANG_ANALYZER_NUMBER_OBJECT_CONVERSION = YES_AGGRESSIVE;
				CLANG_CXX_LANGUAGE_STANDARD = "gnu++14";
				CLANG_CXX_LIBRARY = "libc++";
				CLANG_ENABLE_MODULES = YES;
				CLANG_ENABLE_OBJC_ARC = YES;
				CLANG_ENABLE_OBJC_WEAK = YES;
				CLANG_WARN_BLOCK_CAPTURE_AUTORELEASING = YES;
				CLANG_WARN_BOOL_CONVERSION = YES;
				CLANG_WARN_COMMA = YES;
				CLANG_WARN_CONSTANT_CONVERSION = YES;
				CLANG_WARN_DEPRECATED_OBJC_IMPLEMENTATIONS = YES;
				CLANG_WARN_DIRECT_OBJC_ISA_USAGE = YES_ERROR;
				CLANG_WARN_DOCUMENTATION_COMMENTS = YES;
				CLANG_WARN_EMPTY_BODY = YES;
				CLANG_WARN_ENUM_CONVERSION = YES;
				CLANG_WARN_INFINITE_RECURSION = YES;
				CLANG_WARN_INT_CONVERSION = YES;
				CLANG_WARN_NON_LITERAL_NULL_CONVERSION = YES;
				CLANG_WARN_OBJC_IMPLICIT_RETAIN_SELF = YES;
				CLANG_WARN_OBJC_LITERAL_CONVERSION = YES;
				CLANG_WARN_OBJC_ROOT_CLASS = YES_ERROR;
				CLANG_WARN_RANGE_LOOP_ANALYSIS = YES;
				CLANG_WARN_STRICT_PROTOTYPES = YES;
				CLANG_WARN_SUSPICIOUS_MOVE = YES;
				CLANG_WARN_UNGUARDED_AVAILABILITY = YES_AGGRESSIVE;
				CLANG_WARN_UNREACHABLE_CODE = YES;
				CLANG_WARN__DUPLICATE_METHOD_MATCH = YES;
				CODE_SIGN_IDENTITY = "iPhone Developer";
				COPY_PHASE_STRIP = NO;
				DEBUG_INFORMATION_FORMAT = "dwarf-with-dsym";
				ENABLE_NS_ASSERTIONS = NO;
				ENABLE_STRICT_OBJC_MSGSEND = YES;
				GCC_C_LANGUAGE_STANDARD = gnu11;
				GCC_NO_COMMON_BLOCKS = YES;
				GCC_WARN_64_TO_32_BIT_CONVERSION = YES;
				GCC_WARN_ABOUT_RETURN_TYPE = YES_ERROR;
				GCC_WARN_UNDECLARED_SELECTOR = YES;
				GCC_WARN_UNINITIALIZED_AUTOS = YES_AGGRESSIVE;
				GCC_WARN_UNUSED_FUNCTION = YES;
				GCC_WARN_UNUSED_VARIABLE = YES;
				IPHONEOS_DEPLOYMENT_TARGET = 12.4;
				MTL_ENABLE_DEBUG_INFO = NO;
				MTL_FAST_MATH = YES;
				SDKROOT = iphoneos;
				SWIFT_COMPILATION_MODE = wholemodule;
				SWIFT_OPTIMIZATION_LEVEL = "-O";
				VALIDATE_PRODUCT = YES;
			};
			name = Release;
		};
		79BA6F59233A8B49003309AC /* Debug */ = {
			isa = XCBuildConfiguration;
			baseConfigurationReference = FAEF6D2FA1EE248EBBDF2C2F /* Pods-Ticketing.debug.xcconfig */;
			buildSettings = {
				ASSETCATALOG_COMPILER_APPICON_NAME = AppIcon;
				CODE_SIGN_IDENTITY = "Apple Development";
				CODE_SIGN_STYLE = Automatic;
				DEVELOPMENT_TEAM = "";
				INFOPLIST_FILE = Ticketing/Info.plist;
				LD_RUNPATH_SEARCH_PATHS = (
					"$(inherited)",
					"@executable_path/Frameworks",
				);
				PRODUCT_BUNDLE_IDENTIFIER = SparkDev.Ticketing;
				PRODUCT_NAME = "$(TARGET_NAME)";
				PROVISIONING_PROFILE_SPECIFIER = "";
				SWIFT_VERSION = 5.0;
				TARGETED_DEVICE_FAMILY = "1,2";
			};
			name = Debug;
		};
		79BA6F5A233A8B49003309AC /* Release */ = {
			isa = XCBuildConfiguration;
			baseConfigurationReference = 7A7058A6C0A11327EDE5AC0A /* Pods-Ticketing.release.xcconfig */;
			buildSettings = {
				ASSETCATALOG_COMPILER_APPICON_NAME = AppIcon;
				CODE_SIGN_IDENTITY = "Apple Development";
				CODE_SIGN_STYLE = Automatic;
				DEVELOPMENT_TEAM = "";
				INFOPLIST_FILE = Ticketing/Info.plist;
				LD_RUNPATH_SEARCH_PATHS = (
					"$(inherited)",
					"@executable_path/Frameworks",
				);
				PRODUCT_BUNDLE_IDENTIFIER = SparkDev.Ticketing;
				PRODUCT_NAME = "$(TARGET_NAME)";
				PROVISIONING_PROFILE_SPECIFIER = "";
				SWIFT_VERSION = 5.0;
				TARGETED_DEVICE_FAMILY = "1,2";
			};
			name = Release;
		};
		79BA6F5C233A8B49003309AC /* Debug */ = {
			isa = XCBuildConfiguration;
			baseConfigurationReference = 3D12176E461DF78C28470DD8 /* Pods-TicketingTests.debug.xcconfig */;
			buildSettings = {
				ALWAYS_EMBED_SWIFT_STANDARD_LIBRARIES = YES;
				BUNDLE_LOADER = "$(TEST_HOST)";
				CODE_SIGN_IDENTITY = "Apple Development";
				"CODE_SIGN_IDENTITY[sdk=macosx*]" = "Apple Development";
				CODE_SIGN_STYLE = Automatic;
				DEVELOPMENT_TEAM = "";
				INFOPLIST_FILE = TicketingTests/Info.plist;
				LD_RUNPATH_SEARCH_PATHS = (
					"$(inherited)",
					"@executable_path/Frameworks",
					"@loader_path/Frameworks",
				);
				PRODUCT_BUNDLE_IDENTIFIER = SparkDev.TicketingTests;
				PRODUCT_NAME = "$(TARGET_NAME)";
				PROVISIONING_PROFILE_SPECIFIER = "";
				"PROVISIONING_PROFILE_SPECIFIER[sdk=macosx*]" = "";
				SWIFT_VERSION = 5.0;
				TARGETED_DEVICE_FAMILY = "1,2";
				TEST_HOST = "$(BUILT_PRODUCTS_DIR)/Ticketing.app/Ticketing";
			};
			name = Debug;
		};
		79BA6F5D233A8B49003309AC /* Release */ = {
			isa = XCBuildConfiguration;
			baseConfigurationReference = 92F1B17BBD9F8D0B014CA2DB /* Pods-TicketingTests.release.xcconfig */;
			buildSettings = {
				ALWAYS_EMBED_SWIFT_STANDARD_LIBRARIES = YES;
				BUNDLE_LOADER = "$(TEST_HOST)";
				CODE_SIGN_IDENTITY = "Apple Development";
				"CODE_SIGN_IDENTITY[sdk=macosx*]" = "Apple Development";
				CODE_SIGN_STYLE = Automatic;
				DEVELOPMENT_TEAM = "";
				INFOPLIST_FILE = TicketingTests/Info.plist;
				LD_RUNPATH_SEARCH_PATHS = (
					"$(inherited)",
					"@executable_path/Frameworks",
					"@loader_path/Frameworks",
				);
				PRODUCT_BUNDLE_IDENTIFIER = SparkDev.TicketingTests;
				PRODUCT_NAME = "$(TARGET_NAME)";
				PROVISIONING_PROFILE_SPECIFIER = "";
				"PROVISIONING_PROFILE_SPECIFIER[sdk=macosx*]" = "";
				SWIFT_VERSION = 5.0;
				TARGETED_DEVICE_FAMILY = "1,2";
				TEST_HOST = "$(BUILT_PRODUCTS_DIR)/Ticketing.app/Ticketing";
			};
			name = Release;
		};
		79BA6F5F233A8B49003309AC /* Debug */ = {
			isa = XCBuildConfiguration;
			baseConfigurationReference = 90071BA788DADF87234021C0 /* Pods-Ticketing-TicketingUITests.debug.xcconfig */;
			buildSettings = {
				ALWAYS_EMBED_SWIFT_STANDARD_LIBRARIES = YES;
				CODE_SIGN_IDENTITY = "Apple Development";
				"CODE_SIGN_IDENTITY[sdk=macosx*]" = "Apple Development";
				CODE_SIGN_STYLE = Automatic;
				DEVELOPMENT_TEAM = "";
				INFOPLIST_FILE = TicketingUITests/Info.plist;
				LD_RUNPATH_SEARCH_PATHS = (
					"$(inherited)",
					"@executable_path/Frameworks",
					"@loader_path/Frameworks",
				);
				PRODUCT_BUNDLE_IDENTIFIER = SparkDev.TicketingUITests;
				PRODUCT_NAME = "$(TARGET_NAME)";
				PROVISIONING_PROFILE_SPECIFIER = "";
				"PROVISIONING_PROFILE_SPECIFIER[sdk=macosx*]" = "";
				SWIFT_VERSION = 5.0;
				TARGETED_DEVICE_FAMILY = "1,2";
				TEST_TARGET_NAME = Ticketing;
			};
			name = Debug;
		};
		79BA6F60233A8B49003309AC /* Release */ = {
			isa = XCBuildConfiguration;
			baseConfigurationReference = 83E5BDF583A850D15928C5F8 /* Pods-Ticketing-TicketingUITests.release.xcconfig */;
			buildSettings = {
				ALWAYS_EMBED_SWIFT_STANDARD_LIBRARIES = YES;
				CODE_SIGN_IDENTITY = "Apple Development";
				"CODE_SIGN_IDENTITY[sdk=macosx*]" = "Apple Development";
				CODE_SIGN_STYLE = Automatic;
				DEVELOPMENT_TEAM = "";
				INFOPLIST_FILE = TicketingUITests/Info.plist;
				LD_RUNPATH_SEARCH_PATHS = (
					"$(inherited)",
					"@executable_path/Frameworks",
					"@loader_path/Frameworks",
				);
				PRODUCT_BUNDLE_IDENTIFIER = SparkDev.TicketingUITests;
				PRODUCT_NAME = "$(TARGET_NAME)";
				PROVISIONING_PROFILE_SPECIFIER = "";
				"PROVISIONING_PROFILE_SPECIFIER[sdk=macosx*]" = "";
				SWIFT_VERSION = 5.0;
				TARGETED_DEVICE_FAMILY = "1,2";
				TEST_TARGET_NAME = Ticketing;
			};
			name = Release;
		};
/* End XCBuildConfiguration section */

/* Begin XCConfigurationList section */
		79BA6F2B233A8B40003309AC /* Build configuration list for PBXProject "Ticketing" */ = {
			isa = XCConfigurationList;
			buildConfigurations = (
				79BA6F56233A8B49003309AC /* Debug */,
				79BA6F57233A8B49003309AC /* Release */,
			);
			defaultConfigurationIsVisible = 0;
			defaultConfigurationName = Release;
		};
		79BA6F58233A8B49003309AC /* Build configuration list for PBXNativeTarget "Ticketing" */ = {
			isa = XCConfigurationList;
			buildConfigurations = (
				79BA6F59233A8B49003309AC /* Debug */,
				79BA6F5A233A8B49003309AC /* Release */,
			);
			defaultConfigurationIsVisible = 0;
			defaultConfigurationName = Release;
		};
		79BA6F5B233A8B49003309AC /* Build configuration list for PBXNativeTarget "TicketingTests" */ = {
			isa = XCConfigurationList;
			buildConfigurations = (
				79BA6F5C233A8B49003309AC /* Debug */,
				79BA6F5D233A8B49003309AC /* Release */,
			);
			defaultConfigurationIsVisible = 0;
			defaultConfigurationName = Release;
		};
		79BA6F5E233A8B49003309AC /* Build configuration list for PBXNativeTarget "TicketingUITests" */ = {
			isa = XCConfigurationList;
			buildConfigurations = (
				79BA6F5F233A8B49003309AC /* Debug */,
				79BA6F60233A8B49003309AC /* Release */,
			);
			defaultConfigurationIsVisible = 0;
			defaultConfigurationName = Release;
		};
/* End XCConfigurationList section */
	};
	rootObject = 79BA6F28233A8B40003309AC /* Project object */;
}
